
Microsoft Visual Studio Solution File, Format Version 12.00
# Visual Studio Version 17
VisualStudioVersion = 17.11.35222.181
MinimumVisualStudioVersion = 10.0.40219.1
Project("{FAE04EC0-301F-11D3-BF4B-00C04F79EFBC}") = "Backend", "Backend\Backend.csproj", "{7A80903E-7573-4083-BDCB-80F2167CA0A4}"
EndProject
Global
	GlobalSection(SolutionConfigurationPlatforms) = preSolution
		Debug|Any CPU = Debug|Any CPU
		Release|Any CPU = Release|Any CPU
	EndGlobalSection
	GlobalSection(ProjectConfigurationPlatforms) = postSolution
		{7A80903E-7573-4083-BDCB-80F2167CA0A4}.Debug|Any CPU.ActiveCfg = Debug|Any CPU
		{7A80903E-7573-4083-BDCB-80F2167CA0A4}.Debug|Any CPU.Build.0 = Debug|Any CPU
		{7A80903E-7573-4083-BDCB-80F2167CA0A4}.Release|Any CPU.ActiveCfg = Release|Any CPU
		{7A80903E-7573-4083-BDCB-80F2167CA0A4}.Release|Any CPU.Build.0 = Release|Any CPU
	EndGlobalSection
	GlobalSection(SolutionProperties) = preSolution
		HideSolutionNode = FALSE
	EndGlobalSection
	GlobalSection(ExtensibilityGlobals) = postSolution
		SolutionGuid = {728A7C45-E4F8-409F-B318-F81E36544E64}
	EndGlobalSection
EndGlobal
